{
  "name": "reunit",
  "version": "0.0.0",
  "lockfileVersion": 1,
  "requires": true,
  "dependencies": {
    "bs-platform": {
      "version": "3.1.4",
      "resolved": "https://registry.npmjs.org/bs-platform/-/bs-platform-3.1.4.tgz",
      "integrity": "sha1-/oSVRDs1r/c9+2HLoebXuIMRkQs=",
      "dev": true
    }
  }
}
